
Microsoft Visual Studio Solution File, Format Version 12.00
# Visual Studio Version 17
VisualStudioVersion = 17.12.35707.178
MinimumVisualStudioVersion = 10.0.40219.1
Project("{FAE04EC0-301F-11D3-BF4B-00C04F79EFBC}") = "RommelkoningenApi", "RommelkoningenApi\RommelkoningenApi.csproj", "{7F9D80CF-FA46-4973-B586-AA2B7D7A2478}"
EndProject
Project("{FAE04EC0-301F-11D3-BF4B-00C04F79EFBC}") = "RommelkoningenUnittests", "RommelkoningenUnittests\RommelkoningenUnittests.csproj", "{D543B265-C237-4559-9AD7-B03C19DAFA4E}"
EndProject
Global
	GlobalSection(SolutionConfigurationPlatforms) = preSolution
		Debug|Any CPU = Debug|Any CPU
		Release|Any CPU = Release|Any CPU
	EndGlobalSection
	GlobalSection(ProjectConfigurationPlatforms) = postSolution
		{7F9D80CF-FA46-4973-B586-AA2B7D7A2478}.Debug|Any CPU.ActiveCfg = Debug|Any CPU
		{7F9D80CF-FA46-4973-B586-AA2B7D7A2478}.Debug|Any CPU.Build.0 = Debug|Any CPU
		{7F9D80CF-FA46-4973-B586-AA2B7D7A2478}.Release|Any CPU.ActiveCfg = Release|Any CPU
		{7F9D80CF-FA46-4973-B586-AA2B7D7A2478}.Release|Any CPU.Build.0 = Release|Any CPU
		{D543B265-C237-4559-9AD7-B03C19DAFA4E}.Debug|Any CPU.ActiveCfg = Debug|Any CPU
		{D543B265-C237-4559-9AD7-B03C19DAFA4E}.Debug|Any CPU.Build.0 = Debug|Any CPU
		{D543B265-C237-4559-9AD7-B03C19DAFA4E}.Release|Any CPU.ActiveCfg = Release|Any CPU
		{D543B265-C237-4559-9AD7-B03C19DAFA4E}.Release|Any CPU.Build.0 = Release|Any CPU
	EndGlobalSection
	GlobalSection(SolutionProperties) = preSolution
		HideSolutionNode = FALSE
	EndGlobalSection
EndGlobal
